
Microsoft Visual Studio Solution File, Format Version 12.00
# Visual Studio Version 16
VisualStudioVersion = 16.0.31515.178
MinimumVisualStudioVersion = 10.0.40219.1
Project("{FAE04EC0-301F-11D3-BF4B-00C04F79EFBC}") = "Final_Case_Study", "Final_Case_Study\Final_Case_Study.csproj", "{202AB166-4BFE-42C4-B8E3-5118FBF3450F}"
EndProject
Project("{FAE04EC0-301F-11D3-BF4B-00C04F79EFBC}") = "ClassLibrary1", "ClassLibrary1\ClassLibrary1.csproj", "{0390F896-453D-4D71-9117-38FC952B5ED6}"
EndProject
Global
	GlobalSection(SolutionConfigurationPlatforms) = preSolution
		Debug|Any CPU = Debug|Any CPU
		Release|Any CPU = Release|Any CPU
	EndGlobalSection
	GlobalSection(ProjectConfigurationPlatforms) = postSolution
		{202AB166-4BFE-42C4-B8E3-5118FBF3450F}.Debug|Any CPU.ActiveCfg = Debug|Any CPU
		{202AB166-4BFE-42C4-B8E3-5118FBF3450F}.Debug|Any CPU.Build.0 = Debug|Any CPU
		{202AB166-4BFE-42C4-B8E3-5118FBF3450F}.Release|Any CPU.ActiveCfg = Release|Any CPU
		{202AB166-4BFE-42C4-B8E3-5118FBF3450F}.Release|Any CPU.Build.0 = Release|Any CPU
		{0390F896-453D-4D71-9117-38FC952B5ED6}.Debug|Any CPU.ActiveCfg = Debug|Any CPU
		{0390F896-453D-4D71-9117-38FC952B5ED6}.Debug|Any CPU.Build.0 = Debug|Any CPU
		{0390F896-453D-4D71-9117-38FC952B5ED6}.Release|Any CPU.ActiveCfg = Release|Any CPU
		{0390F896-453D-4D71-9117-38FC952B5ED6}.Release|Any CPU.Build.0 = Release|Any CPU
	EndGlobalSection
	GlobalSection(SolutionProperties) = preSolution
		HideSolutionNode = FALSE
	EndGlobalSection
	GlobalSection(ExtensibilityGlobals) = postSolution
		SolutionGuid = {DD301068-0FFD-4352-83D9-4D25447225EF}
	EndGlobalSection
EndGlobal
